// !$*UTF8*$!
{
	archiveVersion = 1;
	classes = {
	};
	objectVersion = 50;
	objects = {

/* Begin PBXBuildFile section */
		5DBDC58922A7EE3700FA5612 /* AppDelegate.swift in Sources */ = {isa = PBXBuildFile; fileRef = 5DBDC58822A7EE3700FA5612 /* AppDelegate.swift */; };
		5DBDC58B22A7EE3700FA5612 /* ViewController.swift in Sources */ = {isa = PBXBuildFile; fileRef = 5DBDC58A22A7EE3700FA5612 /* ViewController.swift */; };
		5DBDC58E22A7EE3700FA5612 /* Main.storyboard in Resources */ = {isa = PBXBuildFile; fileRef = 5DBDC58C22A7EE3700FA5612 /* Main.storyboard */; };
		5DBDC59022A7EE3800FA5612 /* Assets.xcassets in Resources */ = {isa = PBXBuildFile; fileRef = 5DBDC58F22A7EE3800FA5612 /* Assets.xcassets */; };
		5DBDC59322A7EE3800FA5612 /* LaunchScreen.storyboard in Resources */ = {isa = PBXBuildFile; fileRef = 5DBDC59122A7EE3800FA5612 /* LaunchScreen.storyboard */; };
		5DBDC59B22A7EE4900FA5612 /* CoffeeMachine.swift in Sources */ = {isa = PBXBuildFile; fileRef = 5DBDC59A22A7EE4900FA5612 /* CoffeeMachine.swift */; };
/* End PBXBuildFile section */

/* Begin PBXFileReference section */
		5DBDC58522A7EE3700FA5612 /* CoffeeMachine.app */ = {isa = PBXFileReference; explicitFileType = wrapper.application; includeInIndex = 0; path = CoffeeMachine.app; sourceTree = BUILT_PRODUCTS_DIR; };
		5DBDC58822A7EE3700FA5612 /* AppDelegate.swift */ = {isa = PBXFileReference; lastKnownFileType = sourcecode.swift; path = AppDelegate.swift; sourceTree = "<group>"; };
		5DBDC58A22A7EE3700FA5612 /* ViewController.swift */ = {isa = PBXFileReference; lastKnownFileType = sourcecode.swift; path = ViewController.swift; sourceTree = "<group>"; };
		5DBDC58D22A7EE3700FA5612 /* Base */ = {isa = PBXFileReference; lastKnownFileType = file.storyboard; name = Base; path = Base.lproj/Main.storyboard; sourceTree = "<group>"; };
		5DBDC58F22A7EE3800FA5612 /* Assets.xcassets */ = {isa = PBXFileReference; lastKnownFileType = folder.assetcatalog; path = Assets.xcassets; sourceTree = "<group>"; };
		5DBDC59222A7EE3800FA5612 /* Base */ = {isa = PBXFileReference; lastKnownFileType = file.storyboard; name = Base; path = Base.lproj/LaunchScreen.storyboard; sourceTree = "<group>"; };
		5DBDC59422A7EE3800FA5612 /* Info.plist */ = {isa = PBXFileReference; lastKnownFileType = text.plist.xml; path = Info.plist; sourceTree = "<group>"; };
		5DBDC59A22A7EE4900FA5612 /* CoffeeMachine.swift */ = {isa = PBXFileReference; lastKnownFileType = sourcecode.swift; path = CoffeeMachine.swift; sourceTree = "<group>"; };
/* End PBXFileReference section */

/* Begin PBXFrameworksBuildPhase section */
		5DBDC58222A7EE3700FA5612 /* Frameworks */ = {
			isa = PBXFrameworksBuildPhase;
			buildActionMask = 2147483647;
			files = (
			);
			runOnlyForDeploymentPostprocessing = 0;
		};
/* End PBXFrameworksBuildPhase section */

/* Begin PBXGroup section */
		5DBDC57C22A7EE3700FA5612 = {
			isa = PBXGroup;
			children = (
				5DBDC58722A7EE3700FA5612 /* CoffeeMachine */,
				5DBDC58622A7EE3700FA5612 /* Products */,
			);
			sourceTree = "<group>";
		};
		5DBDC58622A7EE3700FA5612 /* Products */ = {
			isa = PBXGroup;
			children = (
				5DBDC58522A7EE3700FA5612 /* CoffeeMachine.app */,
			);
			name = Products;
			sourceTree = "<group>";
		};
		5DBDC58722A7EE3700FA5612 /* CoffeeMachine */ = {
			isa = PBXGroup;
			children = (
				5DBDC58822A7EE3700FA5612 /* AppDelegate.swift */,
				5DBDC58A22A7EE3700FA5612 /* ViewController.swift */,
				5DBDC59A22A7EE4900FA5612 /* CoffeeMachine.swift */,
				5DBDC58C22A7EE3700FA5612 /* Main.storyboard */,
				5DBDC58F22A7EE3800FA5612 /* Assets.xcassets */,
				5DBDC59122A7EE3800FA5612 /* LaunchScreen.storyboard */,
				5DBDC59422A7EE3800FA5612 /* Info.plist */,
			);
			path = CoffeeMachine;
			sourceTree = "<group>";
		};
/* End PBXGroup section */

/* Begin PBXNativeTarget section */
		5DBDC58422A7EE3700FA5612 /* CoffeeMachine */ = {
			isa = PBXNativeTarget;
			buildConfigurationList = 5DBDC59722A7EE3800FA5612 /* Build configuration list for PBXNativeTarget "CoffeeMachine" */;
			buildPhases = (
				5DBDC58122A7EE3700FA5612 /* Sources */,
				5DBDC58222A7EE3700FA5612 /* Frameworks */,
				5DBDC58322A7EE3700FA5612 /* Resources */,
			);
			buildRules = (
			);
			dependencies = (
			);
			name = CoffeeMachine;
			productName = CoffeeMachine;
			productReference = 5DBDC58522A7EE3700FA5612 /* CoffeeMachine.app */;
			productType = "com.apple.product-type.application";
		};
/* End PBXNativeTarget section */

/* Begin PBXProject section */
		5DBDC57D22A7EE3700FA5612 /* Project object */ = {
			isa = PBXProject;
			attributes = {
				LastSwiftUpdateCheck = 1020;
				LastUpgradeCheck = 1020;
				ORGANIZATIONNAME = Anastasia;
				TargetAttributes = {
					5DBDC58422A7EE3700FA5612 = {
						CreatedOnToolsVersion = 10.2.1;
					};
				};
			};
			buildConfigurationList = 5DBDC58022A7EE3700FA5612 /* Build configuration list for PBXProject "CoffeeMachine" */;
			compatibilityVersion = "Xcode 9.3";
			developmentRegion = en;
			hasScannedForEncodings = 0;
			knownRegions = (
				en,
				Base,
			);
			mainGroup = 5DBDC57C22A7EE3700FA5612;
			productRefGroup = 5DBDC58622A7EE3700FA5612 /* Products */;
			projectDirPath = "";
			projectRoot = "";
			targets = (
				5DBDC58422A7EE3700FA5612 /* CoffeeMachine */,
			);
		};
/* End PBXProject section */

/* Begin PBXResourcesBuildPhase section */
		5DBDC58322A7EE3700FA5612 /* Resources */ = {
			isa = PBXResourcesBuildPhase;
			buildActionMask = 2147483647;
			files = (
				5DBDC59322A7EE3800FA5612 /* LaunchScreen.storyboard in Resources */,
				5DBDC59022A7EE3800FA5612 /* Assets.xcassets in Resources */,
				5DBDC58E22A7EE3700FA5612 /* Main.storyboard in Resources */,
			);
			runOnlyForDeploymentPostprocessing = 0;
		};
/* End PBXResourcesBuildPhase section */

/* Begin PBXSourcesBuildPhase section */
		5DBDC58122A7EE3700FA5612 /* Sources */ = {
			isa = PBXSourcesBuildPhase;
			buildActionMask = 2147483647;
			files = (
				5DBDC58B22A7EE3700FA5612 /* ViewController.swift in Sources */,
				5DBDC58922A7EE3700FA5612 /* AppDelegate.swift in Sources */,
				5DBDC59B22A7EE4900FA5612 /* CoffeeMachine.swift in Sources */,
			);
			runOnlyForDeploymentPostprocessing = 0;
		};
/* End PBXSourcesBuildPhase section */

/* Begin PBXVariantGroup section */
		5DBDC58C22A7EE3700FA5612 /* Main.storyboard */ = {
			isa = PBXVariantGroup;
			children = (
				5DBDC58D22A7EE3700FA5612 /* Base */,
			);
			name = Main.storyboard;
			sourceTree = "<group>";
		};
		5DBDC59122A7EE3800FA5612 /* LaunchScreen.storyboard */ = {
			isa = PBXVariantGroup;
			children = (
				5DBDC59222A7EE3800FA5612 /* Base */,
			);
			name = LaunchScreen.storyboard;
			sourceTree = "<group>";
		};
/* End PBXVariantGroup section */

/* Begin XCBuildConfiguration section */
		5DBDC59522A7EE3800FA5612 /* Debug */ = {
			isa = XCBuildConfiguration;
			buildSettings = {
				ALWAYS_SEARCH_USER_PATHS = NO;
				CLANG_ANALYZER_NONNULL = YES;
				CLANG_ANALYZER_NUMBER_OBJECT_CONVERSION = YES_AGGRESSIVE;
				CLANG_CXX_LANGUAGE_STANDARD = "gnu++14";
				CLANG_CXX_LIBRARY = "libc++";
				CLANG_ENABLE_MODULES = YES;
				CLANG_ENABLE_OBJC_ARC = YES;
				CLANG_ENABLE_OBJC_WEAK = YES;
				CLANG_WARN_BLOCK_CAPTURE_AUTORELEASING = YES;
				CLANG_WARN_BOOL_CONVERSION = YES;
				CLANG_WARN_COMMA = YES;
				CLANG_WARN_CONSTANT_CONVERSION = YES;
				CLANG_WARN_DEPRECATED_OBJC_IMPLEMENTATIONS = YES;
				CLANG_WARN_DIRECT_OBJC_ISA_USAGE = YES_ERROR;
				CLANG_WARN_DOCUMENTATION_COMMENTS = YES;
				CLANG_WARN_EMPTY_BODY = YES;
				CLANG_WARN_ENUM_CONVERSION = YES;
				CLANG_WARN_INFINITE_RECURSION = YES;
				CLANG_WARN_INT_CONVERSION = YES;
				CLANG_WARN_NON_LITERAL_NULL_CONVERSION = YES;
				CLANG_WARN_OBJC_IMPLICIT_RETAIN_SELF = YES;
				CLANG_WARN_OBJC_LITERAL_CONVERSION = YES;
				CLANG_WARN_OBJC_ROOT_CLASS = YES_ERROR;
				CLANG_WARN_RANGE_LOOP_ANALYSIS = YES;
				CLANG_WARN_STRICT_PROTOTYPES = YES;
				CLANG_WARN_SUSPICIOUS_MOVE = YES;
				CLANG_WARN_UNGUARDED_AVAILABILITY = YES_AGGRESSIVE;
				CLANG_WARN_UNREACHABLE_CODE = YES;
				CLANG_WARN__DUPLICATE_METHOD_MATCH = YES;
				CODE_SIGN_IDENTITY = "iPhone Developer";
				COPY_PHASE_STRIP = NO;
				DEBUG_INFORMATION_FORMAT = dwarf;
				ENABLE_STRICT_OBJC_MSGSEND = YES;
				ENABLE_TESTABILITY = YES;
				GCC_C_LANGUAGE_STANDARD = gnu11;
				GCC_DYNAMIC_NO_PIC = NO;
				GCC_NO_COMMON_BLOCKS = YES;
				GCC_OPTIMIZATION_LEVEL = 0;
				GCC_PREPROCESSOR_DEFINITIONS = (
					"DEBUG=1",
					"$(inherited)",
				);
				GCC_WARN_64_TO_32_BIT_CONVERSION = YES;
				GCC_WARN_ABOUT_RETURN_TYPE = YES_ERROR;
				GCC_WARN_UNDECLARED_SELECTOR = YES;
				GCC_WARN_UNINITIALIZED_AUTOS = YES_AGGRESSIVE;
				GCC_WARN_UNUSED_FUNCTION = YES;
				GCC_WARN_UNUSED_VARIABLE = YES;
				IPHONEOS_DEPLOYMENT_TARGET = 12.2;
				MTL_ENABLE_DEBUG_INFO = INCLUDE_SOURCE;
				MTL_FAST_MATH = YES;
				ONLY_ACTIVE_ARCH = YES;
				SDKROOT = iphoneos;
				SWIFT_ACTIVE_COMPILATION_CONDITIONS = DEBUG;
				SWIFT_OPTIMIZATION_LEVEL = "-Onone";
			};
			name = Debug;
		};
		5DBDC59622A7EE3800FA5612 /* Release */ = {
			isa = XCBuildConfiguration;
			buildSettings = {
				ALWAYS_SEARCH_USER_PATHS = NO;
				CLANG_ANALYZER_NONNULL = YES;
				CLANG_ANALYZER_NUMBER_OBJECT_CONVERSION = YES_AGGRESSIVE;
				CLANG_CXX_LANGUAGE_STANDARD = "gnu++14";
				CLANG_CXX_LIBRARY = "libc++";
				CLANG_ENABLE_MODULES = YES;
				CLANG_ENABLE_OBJC_ARC = YES;
				CLANG_ENABLE_OBJC_WEAK = YES;
				CLANG_WARN_BLOCK_CAPTURE_AUTORELEASING = YES;
				CLANG_WARN_BOOL_CONVERSION = YES;
				CLANG_WARN_COMMA = YES;
				CLANG_WARN_CONSTANT_CONVERSION = YES;
				CLANG_WARN_DEPRECATED_OBJC_IMPLEMENTATIONS = YES;
				CLANG_WARN_DIRECT_OBJC_ISA_USAGE = YES_ERROR;
				CLANG_WARN_DOCUMENTATION_COMMENTS = YES;
				CLANG_WARN_EMPTY_BODY = YES;
				CLANG_WARN_ENUM_CONVERSION = YES;
				CLANG_WARN_INFINITE_RECURSION = YES;
				CLANG_WARN_INT_CONVERSION = YES;
				CLANG_WARN_NON_LITERAL_NULL_CONVERSION = YES;
				CLANG_WARN_OBJC_IMPLICIT_RETAIN_SELF = YES;
				CLANG_WARN_OBJC_LITERAL_CONVERSION = YES;
				CLANG_WARN_OBJC_ROOT_CLASS = YES_ERROR;
				CLANG_WARN_RANGE_LOOP_ANALYSIS = YES;
				CLANG_WARN_STRICT_PROTOTYPES = YES;
				CLANG_WARN_SUSPICIOUS_MOVE = YES;
				CLANG_WARN_UNGUARDED_AVAILABILITY = YES_AGGRESSIVE;
				CLANG_WARN_UNREACHABLE_CODE = YES;
				CLANG_WARN__DUPLICATE_METHOD_MATCH = YES;
				CODE_SIGN_IDENTITY = "iPhone Developer";
				COPY_PHASE_STRIP = NO;
				DEBUG_INFORMATION_FORMAT = "dwarf-with-dsym";
				ENABLE_NS_ASSERTIONS = NO;
				ENABLE_STRICT_OBJC_MSGSEND = YES;
				GCC_C_LANGUAGE_STANDARD = gnu11;
				GCC_NO_COMMON_BLOCKS = YES;
				GCC_WARN_64_TO_32_BIT_CONVERSION = YES;
				GCC_WARN_ABOUT_RETURN_TYPE = YES_ERROR;
				GCC_WARN_UNDECLARED_SELECTOR = YES;
				GCC_WARN_UNINITIALIZED_AUTOS = YES_AGGRESSIVE;
				GCC_WARN_UNUSED_FUNCTION = YES;
				GCC_WARN_UNUSED_VARIABLE = YES;
				IPHONEOS_DEPLOYMENT_TARGET = 12.2;
				MTL_ENABLE_DEBUG_INFO = NO;
				MTL_FAST_MATH = YES;
				SDKROOT = iphoneos;
				SWIFT_COMPILATION_MODE = wholemodule;
				SWIFT_OPTIMIZATION_LEVEL = "-O";
				VALIDATE_PRODUCT = YES;
			};
			name = Release;
		};
		5DBDC59822A7EE3800FA5612 /* Debug */ = {
			isa = XCBuildConfiguration;
			buildSettings = {
				ASSETCATALOG_COMPILER_APPICON_NAME = AppIcon;
				CODE_SIGN_STYLE = Automatic;
				DEVELOPMENT_TEAM = 7KFHN9UQ5P;
				INFOPLIST_FILE = CoffeeMachine/Info.plist;
				LD_RUNPATH_SEARCH_PATHS = (
					"$(inherited)",
					"@executable_path/Frameworks",
				);
				PRODUCT_BUNDLE_IDENTIFIER = Holovash.CoffeeMachine;
				PRODUCT_NAME = "$(TARGET_NAME)";
				SWIFT_VERSION = 5.0;
				TARGETED_DEVICE_FAMILY = "1,2";
			};
			name = Debug;
		};
		5DBDC59922A7EE3800FA5612 /* Release */ = {
			isa = XCBuildConfiguration;
			buildSettings = {
				ASSETCATALOG_COMPILER_APPICON_NAME = AppIcon;
				CODE_SIGN_STYLE = Automatic;
				DEVELOPMENT_TEAM = 7KFHN9UQ5P;
				INFOPLIST_FILE = CoffeeMachine/Info.plist;
				LD_RUNPATH_SEARCH_PATHS = (
					"$(inherited)",
					"@executable_path/Frameworks",
				);
				PRODUCT_BUNDLE_IDENTIFIER = Holovash.CoffeeMachine;
				PRODUCT_NAME = "$(TARGET_NAME)";
				SWIFT_VERSION = 5.0;
				TARGETED_DEVICE_FAMILY = "1,2";
			};
			name = Release;
		};
/* End XCBuildConfiguration section */

/* Begin XCConfigurationList section */
		5DBDC58022A7EE3700FA5612 /* Build configuration list for PBXProject "CoffeeMachine" */ = {
			isa = XCConfigurationList;
			buildConfigurations = (
				5DBDC59522A7EE3800FA5612 /* Debug */,
				5DBDC59622A7EE3800FA5612 /* Release */,
			);
			defaultConfigurationIsVisible = 0;
			defaultConfigurationName = Release;
		};
		5DBDC59722A7EE3800FA5612 /* Build configuration list for PBXNativeTarget "CoffeeMachine" */ = {
			isa = XCConfigurationList;
			buildConfigurations = (
				5DBDC59822A7EE3800FA5612 /* Debug */,
				5DBDC59922A7EE3800FA5612 /* Release */,
			);
			defaultConfigurationIsVisible = 0;
			defaultConfigurationName = Release;
		};
/* End XCConfigurationList section */
	};
	rootObject = 5DBDC57D22A7EE3700FA5612 /* Project object */;
}
